
Microsoft Visual Studio Solution File, Format Version 12.00
# Visual Studio Version 16
VisualStudioVersion = 16.0.28803.156
MinimumVisualStudioVersion = 10.0.40219.1
Project("{FAE04EC0-301F-11D3-BF4B-00C04F79EFBC}") = "SillyMonths", "SillyMonths\SillyMonths.csproj", "{FE6180CF-1A1A-4498-818D-2AB781F4062E}"
EndProject
Project("{9A19103F-16F7-4668-BE54-9A1E7A4F7556}") = "SillyMonthsML.Model", "SillyMonthsML.Model\SillyMonthsML.Model.csproj", "{F3961427-11C0-43AC-87EE-570D17D145CA}"
EndProject
Project("{9A19103F-16F7-4668-BE54-9A1E7A4F7556}") = "SillyMonthsML.ConsoleApp", "SillyMonthsML.ConsoleApp\SillyMonthsML.ConsoleApp.csproj", "{40E0FD5B-1505-48D1-BA7C-9E444974C05C}"
EndProject
Global
	GlobalSection(SolutionConfigurationPlatforms) = preSolution
		Debug|Any CPU = Debug|Any CPU
		Release|Any CPU = Release|Any CPU
	EndGlobalSection
	GlobalSection(ProjectConfigurationPlatforms) = postSolution
		{FE6180CF-1A1A-4498-818D-2AB781F4062E}.Debug|Any CPU.ActiveCfg = Debug|Any CPU
		{FE6180CF-1A1A-4498-818D-2AB781F4062E}.Debug|Any CPU.Build.0 = Debug|Any CPU
		{FE6180CF-1A1A-4498-818D-2AB781F4062E}.Release|Any CPU.ActiveCfg = Release|Any CPU
		{FE6180CF-1A1A-4498-818D-2AB781F4062E}.Release|Any CPU.Build.0 = Release|Any CPU
		{F3961427-11C0-43AC-87EE-570D17D145CA}.Debug|Any CPU.ActiveCfg = Debug|Any CPU
		{F3961427-11C0-43AC-87EE-570D17D145CA}.Debug|Any CPU.Build.0 = Debug|Any CPU
		{F3961427-11C0-43AC-87EE-570D17D145CA}.Release|Any CPU.ActiveCfg = Release|Any CPU
		{F3961427-11C0-43AC-87EE-570D17D145CA}.Release|Any CPU.Build.0 = Release|Any CPU
		{40E0FD5B-1505-48D1-BA7C-9E444974C05C}.Debug|Any CPU.ActiveCfg = Debug|Any CPU
		{40E0FD5B-1505-48D1-BA7C-9E444974C05C}.Debug|Any CPU.Build.0 = Debug|Any CPU
		{40E0FD5B-1505-48D1-BA7C-9E444974C05C}.Release|Any CPU.ActiveCfg = Release|Any CPU
		{40E0FD5B-1505-48D1-BA7C-9E444974C05C}.Release|Any CPU.Build.0 = Release|Any CPU
	EndGlobalSection
	GlobalSection(SolutionProperties) = preSolution
		HideSolutionNode = FALSE
	EndGlobalSection
	GlobalSection(ExtensibilityGlobals) = postSolution
		SolutionGuid = {648C63AC-BFA7-4ED8-A14A-9101BF6D769A}
	EndGlobalSection
EndGlobal
